
Microsoft Visual Studio Solution File, Format Version 12.00
# Visual Studio 15
VisualStudioVersion = 15.0.26124.0
MinimumVisualStudioVersion = 15.0.26124.0
Project("{FAE04EC0-301F-11D3-BF4B-00C04F79EFBC}") = "Easy.BiggestOfThree", "Easy.BiggestOfThree\Easy.BiggestOfThree.csproj", "{EBB912AD-2BA6-444D-863E-65E50D28EE60}"
EndProject
Project("{FAE04EC0-301F-11D3-BF4B-00C04F79EFBC}") = "Easy.MaxMinArrays", "Easy.MaxMinArrays\Easy.MaxMinArrays.csproj", "{C83CE206-6FAC-480B-A84E-D557644EF014}"
EndProject
Project("{FAE04EC0-301F-11D3-BF4B-00C04F79EFBC}") = "BinarySearch", "BinarySearch\BinarySearch.csproj", "{35ED9B8B-1E5D-404E-BBC4-8619DD57AB96}"
EndProject
Project("{2150E333-8FDC-42A3-9474-1A3956D46DE8}") = "SortingAlgorithms", "SortingAlgorithms", "{E71BB7BD-C9AA-47BD-87C0-0D9DA3F5761C}"
EndProject
Project("{FAE04EC0-301F-11D3-BF4B-00C04F79EFBC}") = "SelectionSort", "SelectionSort\SelectionSort.csproj", "{A5AA153D-62B0-4DA5-8F94-275E157CB9B4}"
EndProject
Project("{FAE04EC0-301F-11D3-BF4B-00C04F79EFBC}") = "InsertionSort", "InsertionSort\InsertionSort.csproj", "{A758C848-F7C3-4BEF-A838-A7DC2699B185}"
EndProject
Project("{FAE04EC0-301F-11D3-BF4B-00C04F79EFBC}") = "BubbleSort", "BubbleSort\BubbleSort.csproj", "{E5F49B92-95BA-434D-84C9-20BDC244E5D1}"
EndProject
Project("{FAE04EC0-301F-11D3-BF4B-00C04F79EFBC}") = "HeapSort", "HeapSort\HeapSort.csproj", "{F83A8D7D-46D5-49F0-BB53-B84BF3130BD3}"
EndProject
Project("{FAE04EC0-301F-11D3-BF4B-00C04F79EFBC}") = "MergeSort", "MergeSort\MergeSort.csproj", "{B44E84E9-4227-4852-AB6C-BAC7B978D140}"
EndProject
Project("{FAE04EC0-301F-11D3-BF4B-00C04F79EFBC}") = "QuickSort", "QuickSort\QuickSort.csproj", "{75E2BC35-AD42-43FA-8040-E800F698CC05}"
EndProject
Project("{FAE04EC0-301F-11D3-BF4B-00C04F79EFBC}") = "CountingSort", "CountingSort\CountingSort.csproj", "{42911D1E-25DA-479F-997E-DD833E3A8BF2}"
EndProject
Project("{2150E333-8FDC-42A3-9474-1A3956D46DE8}") = "Recursion", "Recursion", "{83930B15-01FD-411F-8961-AB4EA09D5CCC}"
EndProject
Project("{FAE04EC0-301F-11D3-BF4B-00C04F79EFBC}") = "Factorial", "Factorial\Factorial.csproj", "{4E17773F-9E47-446C-927D-D4E677C48FC3}"
EndProject
Project("{2150E333-8FDC-42A3-9474-1A3956D46DE8}") = "Challenges", "Challenges", "{3E46AACE-2E7B-44FC-ACB5-9992539EE041}"
EndProject
Project("{FAE04EC0-301F-11D3-BF4B-00C04F79EFBC}") = "GreatestCommonDivisor", "GreatestCommonDivisor\GreatestCommonDivisor.csproj", "{EE0CA198-36CD-4CA1-9057-D90B0DBF92B2}"
EndProject
Project("{FAE04EC0-301F-11D3-BF4B-00C04F79EFBC}") = "Palindrom", "Palindrom\Palindrom.csproj", "{390BE387-4A80-40C5-89D2-9C17C2AA8782}"
EndProject
Project("{FAE04EC0-301F-11D3-BF4B-00C04F79EFBC}") = "Fibonacci", "Fibonacci\Fibonacci.csproj", "{B8DB4EC3-D945-4191-8756-C892E57E93CC}"
EndProject
Project("{2150E333-8FDC-42A3-9474-1A3956D46DE8}") = "SearchingAlgorithms", "SearchingAlgorithms", "{2513A447-FF64-42B8-A2F7-A86226EE24F8}"
EndProject
Project("{FAE04EC0-301F-11D3-BF4B-00C04F79EFBC}") = "Binary", "Binary\Binary.csproj", "{2D75F3FD-5ADE-49CF-862B-4967A2A087CE}"
EndProject
Project("{FAE04EC0-301F-11D3-BF4B-00C04F79EFBC}") = "InterpolationSearch", "InterpolationSearch\InterpolationSearch.csproj", "{71AEB57C-70C3-41F9-A3DE-540439CDB4A5}"
EndProject
Project("{FAE04EC0-301F-11D3-BF4B-00C04F79EFBC}") = "BinarySearchTree", "BinarySearchTree\BinarySearchTree.csproj", "{94EC3C45-6E54-4EE5-946B-F9F79EA310D9}"
EndProject
Project("{FAE04EC0-301F-11D3-BF4B-00C04F79EFBC}") = "BinarySearchTree2", "BinarySearchTree2\BinarySearchTree2.csproj", "{AB66471C-EC75-4453-9B7D-20B09599A072}"
EndProject
Global
	GlobalSection(SolutionConfigurationPlatforms) = preSolution
		Debug|Any CPU = Debug|Any CPU
		Debug|x64 = Debug|x64
		Debug|x86 = Debug|x86
		Release|Any CPU = Release|Any CPU
		Release|x64 = Release|x64
		Release|x86 = Release|x86
	EndGlobalSection
	GlobalSection(SolutionProperties) = preSolution
		HideSolutionNode = FALSE
	EndGlobalSection
	GlobalSection(ProjectConfigurationPlatforms) = postSolution
		{EBB912AD-2BA6-444D-863E-65E50D28EE60}.Debug|Any CPU.ActiveCfg = Debug|Any CPU
		{EBB912AD-2BA6-444D-863E-65E50D28EE60}.Debug|Any CPU.Build.0 = Debug|Any CPU
		{EBB912AD-2BA6-444D-863E-65E50D28EE60}.Debug|x64.ActiveCfg = Debug|Any CPU
		{EBB912AD-2BA6-444D-863E-65E50D28EE60}.Debug|x64.Build.0 = Debug|Any CPU
		{EBB912AD-2BA6-444D-863E-65E50D28EE60}.Debug|x86.ActiveCfg = Debug|Any CPU
		{EBB912AD-2BA6-444D-863E-65E50D28EE60}.Debug|x86.Build.0 = Debug|Any CPU
		{EBB912AD-2BA6-444D-863E-65E50D28EE60}.Release|Any CPU.ActiveCfg = Release|Any CPU
		{EBB912AD-2BA6-444D-863E-65E50D28EE60}.Release|Any CPU.Build.0 = Release|Any CPU
		{EBB912AD-2BA6-444D-863E-65E50D28EE60}.Release|x64.ActiveCfg = Release|Any CPU
		{EBB912AD-2BA6-444D-863E-65E50D28EE60}.Release|x64.Build.0 = Release|Any CPU
		{EBB912AD-2BA6-444D-863E-65E50D28EE60}.Release|x86.ActiveCfg = Release|Any CPU
		{EBB912AD-2BA6-444D-863E-65E50D28EE60}.Release|x86.Build.0 = Release|Any CPU
		{C83CE206-6FAC-480B-A84E-D557644EF014}.Debug|Any CPU.ActiveCfg = Debug|Any CPU
		{C83CE206-6FAC-480B-A84E-D557644EF014}.Debug|Any CPU.Build.0 = Debug|Any CPU
		{C83CE206-6FAC-480B-A84E-D557644EF014}.Debug|x64.ActiveCfg = Debug|Any CPU
		{C83CE206-6FAC-480B-A84E-D557644EF014}.Debug|x64.Build.0 = Debug|Any CPU
		{C83CE206-6FAC-480B-A84E-D557644EF014}.Debug|x86.ActiveCfg = Debug|Any CPU
		{C83CE206-6FAC-480B-A84E-D557644EF014}.Debug|x86.Build.0 = Debug|Any CPU
		{C83CE206-6FAC-480B-A84E-D557644EF014}.Release|Any CPU.ActiveCfg = Release|Any CPU
		{C83CE206-6FAC-480B-A84E-D557644EF014}.Release|Any CPU.Build.0 = Release|Any CPU
		{C83CE206-6FAC-480B-A84E-D557644EF014}.Release|x64.ActiveCfg = Release|Any CPU
		{C83CE206-6FAC-480B-A84E-D557644EF014}.Release|x64.Build.0 = Release|Any CPU
		{C83CE206-6FAC-480B-A84E-D557644EF014}.Release|x86.ActiveCfg = Release|Any CPU
		{C83CE206-6FAC-480B-A84E-D557644EF014}.Release|x86.Build.0 = Release|Any CPU
		{35ED9B8B-1E5D-404E-BBC4-8619DD57AB96}.Debug|Any CPU.ActiveCfg = Debug|Any CPU
		{35ED9B8B-1E5D-404E-BBC4-8619DD57AB96}.Debug|Any CPU.Build.0 = Debug|Any CPU
		{35ED9B8B-1E5D-404E-BBC4-8619DD57AB96}.Debug|x64.ActiveCfg = Debug|Any CPU
		{35ED9B8B-1E5D-404E-BBC4-8619DD57AB96}.Debug|x64.Build.0 = Debug|Any CPU
		{35ED9B8B-1E5D-404E-BBC4-8619DD57AB96}.Debug|x86.ActiveCfg = Debug|Any CPU
		{35ED9B8B-1E5D-404E-BBC4-8619DD57AB96}.Debug|x86.Build.0 = Debug|Any CPU
		{35ED9B8B-1E5D-404E-BBC4-8619DD57AB96}.Release|Any CPU.ActiveCfg = Release|Any CPU
		{35ED9B8B-1E5D-404E-BBC4-8619DD57AB96}.Release|Any CPU.Build.0 = Release|Any CPU
		{35ED9B8B-1E5D-404E-BBC4-8619DD57AB96}.Release|x64.ActiveCfg = Release|Any CPU
		{35ED9B8B-1E5D-404E-BBC4-8619DD57AB96}.Release|x64.Build.0 = Release|Any CPU
		{35ED9B8B-1E5D-404E-BBC4-8619DD57AB96}.Release|x86.ActiveCfg = Release|Any CPU
		{35ED9B8B-1E5D-404E-BBC4-8619DD57AB96}.Release|x86.Build.0 = Release|Any CPU
		{A5AA153D-62B0-4DA5-8F94-275E157CB9B4}.Debug|Any CPU.ActiveCfg = Debug|Any CPU
		{A5AA153D-62B0-4DA5-8F94-275E157CB9B4}.Debug|Any CPU.Build.0 = Debug|Any CPU
		{A5AA153D-62B0-4DA5-8F94-275E157CB9B4}.Debug|x64.ActiveCfg = Debug|Any CPU
		{A5AA153D-62B0-4DA5-8F94-275E157CB9B4}.Debug|x64.Build.0 = Debug|Any CPU
		{A5AA153D-62B0-4DA5-8F94-275E157CB9B4}.Debug|x86.ActiveCfg = Debug|Any CPU
		{A5AA153D-62B0-4DA5-8F94-275E157CB9B4}.Debug|x86.Build.0 = Debug|Any CPU
		{A5AA153D-62B0-4DA5-8F94-275E157CB9B4}.Release|Any CPU.ActiveCfg = Release|Any CPU
		{A5AA153D-62B0-4DA5-8F94-275E157CB9B4}.Release|Any CPU.Build.0 = Release|Any CPU
		{A5AA153D-62B0-4DA5-8F94-275E157CB9B4}.Release|x64.ActiveCfg = Release|Any CPU
		{A5AA153D-62B0-4DA5-8F94-275E157CB9B4}.Release|x64.Build.0 = Release|Any CPU
		{A5AA153D-62B0-4DA5-8F94-275E157CB9B4}.Release|x86.ActiveCfg = Release|Any CPU
		{A5AA153D-62B0-4DA5-8F94-275E157CB9B4}.Release|x86.Build.0 = Release|Any CPU
		{A758C848-F7C3-4BEF-A838-A7DC2699B185}.Debug|Any CPU.ActiveCfg = Debug|Any CPU
		{A758C848-F7C3-4BEF-A838-A7DC2699B185}.Debug|Any CPU.Build.0 = Debug|Any CPU
		{A758C848-F7C3-4BEF-A838-A7DC2699B185}.Debug|x64.ActiveCfg = Debug|Any CPU
		{A758C848-F7C3-4BEF-A838-A7DC2699B185}.Debug|x64.Build.0 = Debug|Any CPU
		{A758C848-F7C3-4BEF-A838-A7DC2699B185}.Debug|x86.ActiveCfg = Debug|Any CPU
		{A758C848-F7C3-4BEF-A838-A7DC2699B185}.Debug|x86.Build.0 = Debug|Any CPU
		{A758C848-F7C3-4BEF-A838-A7DC2699B185}.Release|Any CPU.ActiveCfg = Release|Any CPU
		{A758C848-F7C3-4BEF-A838-A7DC2699B185}.Release|Any CPU.Build.0 = Release|Any CPU
		{A758C848-F7C3-4BEF-A838-A7DC2699B185}.Release|x64.ActiveCfg = Release|Any CPU
		{A758C848-F7C3-4BEF-A838-A7DC2699B185}.Release|x64.Build.0 = Release|Any CPU
		{A758C848-F7C3-4BEF-A838-A7DC2699B185}.Release|x86.ActiveCfg = Release|Any CPU
		{A758C848-F7C3-4BEF-A838-A7DC2699B185}.Release|x86.Build.0 = Release|Any CPU
		{E5F49B92-95BA-434D-84C9-20BDC244E5D1}.Debug|Any CPU.ActiveCfg = Debug|Any CPU
		{E5F49B92-95BA-434D-84C9-20BDC244E5D1}.Debug|Any CPU.Build.0 = Debug|Any CPU
		{E5F49B92-95BA-434D-84C9-20BDC244E5D1}.Debug|x64.ActiveCfg = Debug|Any CPU
		{E5F49B92-95BA-434D-84C9-20BDC244E5D1}.Debug|x64.Build.0 = Debug|Any CPU
		{E5F49B92-95BA-434D-84C9-20BDC244E5D1}.Debug|x86.ActiveCfg = Debug|Any CPU
		{E5F49B92-95BA-434D-84C9-20BDC244E5D1}.Debug|x86.Build.0 = Debug|Any CPU
		{E5F49B92-95BA-434D-84C9-20BDC244E5D1}.Release|Any CPU.ActiveCfg = Release|Any CPU
		{E5F49B92-95BA-434D-84C9-20BDC244E5D1}.Release|Any CPU.Build.0 = Release|Any CPU
		{E5F49B92-95BA-434D-84C9-20BDC244E5D1}.Release|x64.ActiveCfg = Release|Any CPU
		{E5F49B92-95BA-434D-84C9-20BDC244E5D1}.Release|x64.Build.0 = Release|Any CPU
		{E5F49B92-95BA-434D-84C9-20BDC244E5D1}.Release|x86.ActiveCfg = Release|Any CPU
		{E5F49B92-95BA-434D-84C9-20BDC244E5D1}.Release|x86.Build.0 = Release|Any CPU
		{F83A8D7D-46D5-49F0-BB53-B84BF3130BD3}.Debug|Any CPU.ActiveCfg = Debug|Any CPU
		{F83A8D7D-46D5-49F0-BB53-B84BF3130BD3}.Debug|Any CPU.Build.0 = Debug|Any CPU
		{F83A8D7D-46D5-49F0-BB53-B84BF3130BD3}.Debug|x64.ActiveCfg = Debug|Any CPU
		{F83A8D7D-46D5-49F0-BB53-B84BF3130BD3}.Debug|x64.Build.0 = Debug|Any CPU
		{F83A8D7D-46D5-49F0-BB53-B84BF3130BD3}.Debug|x86.ActiveCfg = Debug|Any CPU
		{F83A8D7D-46D5-49F0-BB53-B84BF3130BD3}.Debug|x86.Build.0 = Debug|Any CPU
		{F83A8D7D-46D5-49F0-BB53-B84BF3130BD3}.Release|Any CPU.ActiveCfg = Release|Any CPU
		{F83A8D7D-46D5-49F0-BB53-B84BF3130BD3}.Release|Any CPU.Build.0 = Release|Any CPU
		{F83A8D7D-46D5-49F0-BB53-B84BF3130BD3}.Release|x64.ActiveCfg = Release|Any CPU
		{F83A8D7D-46D5-49F0-BB53-B84BF3130BD3}.Release|x64.Build.0 = Release|Any CPU
		{F83A8D7D-46D5-49F0-BB53-B84BF3130BD3}.Release|x86.ActiveCfg = Release|Any CPU
		{F83A8D7D-46D5-49F0-BB53-B84BF3130BD3}.Release|x86.Build.0 = Release|Any CPU
		{B44E84E9-4227-4852-AB6C-BAC7B978D140}.Debug|Any CPU.ActiveCfg = Debug|Any CPU
		{B44E84E9-4227-4852-AB6C-BAC7B978D140}.Debug|Any CPU.Build.0 = Debug|Any CPU
		{B44E84E9-4227-4852-AB6C-BAC7B978D140}.Debug|x64.ActiveCfg = Debug|Any CPU
		{B44E84E9-4227-4852-AB6C-BAC7B978D140}.Debug|x64.Build.0 = Debug|Any CPU
		{B44E84E9-4227-4852-AB6C-BAC7B978D140}.Debug|x86.ActiveCfg = Debug|Any CPU
		{B44E84E9-4227-4852-AB6C-BAC7B978D140}.Debug|x86.Build.0 = Debug|Any CPU
		{B44E84E9-4227-4852-AB6C-BAC7B978D140}.Release|Any CPU.ActiveCfg = Release|Any CPU
		{B44E84E9-4227-4852-AB6C-BAC7B978D140}.Release|Any CPU.Build.0 = Release|Any CPU
		{B44E84E9-4227-4852-AB6C-BAC7B978D140}.Release|x64.ActiveCfg = Release|Any CPU
		{B44E84E9-4227-4852-AB6C-BAC7B978D140}.Release|x64.Build.0 = Release|Any CPU
		{B44E84E9-4227-4852-AB6C-BAC7B978D140}.Release|x86.ActiveCfg = Release|Any CPU
		{B44E84E9-4227-4852-AB6C-BAC7B978D140}.Release|x86.Build.0 = Release|Any CPU
		{75E2BC35-AD42-43FA-8040-E800F698CC05}.Debug|Any CPU.ActiveCfg = Debug|Any CPU
		{75E2BC35-AD42-43FA-8040-E800F698CC05}.Debug|Any CPU.Build.0 = Debug|Any CPU
		{75E2BC35-AD42-43FA-8040-E800F698CC05}.Debug|x64.ActiveCfg = Debug|Any CPU
		{75E2BC35-AD42-43FA-8040-E800F698CC05}.Debug|x64.Build.0 = Debug|Any CPU
		{75E2BC35-AD42-43FA-8040-E800F698CC05}.Debug|x86.ActiveCfg = Debug|Any CPU
		{75E2BC35-AD42-43FA-8040-E800F698CC05}.Debug|x86.Build.0 = Debug|Any CPU
		{75E2BC35-AD42-43FA-8040-E800F698CC05}.Release|Any CPU.ActiveCfg = Release|Any CPU
		{75E2BC35-AD42-43FA-8040-E800F698CC05}.Release|Any CPU.Build.0 = Release|Any CPU
		{75E2BC35-AD42-43FA-8040-E800F698CC05}.Release|x64.ActiveCfg = Release|Any CPU
		{75E2BC35-AD42-43FA-8040-E800F698CC05}.Release|x64.Build.0 = Release|Any CPU
		{75E2BC35-AD42-43FA-8040-E800F698CC05}.Release|x86.ActiveCfg = Release|Any CPU
		{75E2BC35-AD42-43FA-8040-E800F698CC05}.Release|x86.Build.0 = Release|Any CPU
		{42911D1E-25DA-479F-997E-DD833E3A8BF2}.Debug|Any CPU.ActiveCfg = Debug|Any CPU
		{42911D1E-25DA-479F-997E-DD833E3A8BF2}.Debug|Any CPU.Build.0 = Debug|Any CPU
		{42911D1E-25DA-479F-997E-DD833E3A8BF2}.Debug|x64.ActiveCfg = Debug|Any CPU
		{42911D1E-25DA-479F-997E-DD833E3A8BF2}.Debug|x64.Build.0 = Debug|Any CPU
		{42911D1E-25DA-479F-997E-DD833E3A8BF2}.Debug|x86.ActiveCfg = Debug|Any CPU
		{42911D1E-25DA-479F-997E-DD833E3A8BF2}.Debug|x86.Build.0 = Debug|Any CPU
		{42911D1E-25DA-479F-997E-DD833E3A8BF2}.Release|Any CPU.ActiveCfg = Release|Any CPU
		{42911D1E-25DA-479F-997E-DD833E3A8BF2}.Release|Any CPU.Build.0 = Release|Any CPU
		{42911D1E-25DA-479F-997E-DD833E3A8BF2}.Release|x64.ActiveCfg = Release|Any CPU
		{42911D1E-25DA-479F-997E-DD833E3A8BF2}.Release|x64.Build.0 = Release|Any CPU
		{42911D1E-25DA-479F-997E-DD833E3A8BF2}.Release|x86.ActiveCfg = Release|Any CPU
		{42911D1E-25DA-479F-997E-DD833E3A8BF2}.Release|x86.Build.0 = Release|Any CPU
		{4E17773F-9E47-446C-927D-D4E677C48FC3}.Debug|Any CPU.ActiveCfg = Debug|Any CPU
		{4E17773F-9E47-446C-927D-D4E677C48FC3}.Debug|Any CPU.Build.0 = Debug|Any CPU
		{4E17773F-9E47-446C-927D-D4E677C48FC3}.Debug|x64.ActiveCfg = Debug|Any CPU
		{4E17773F-9E47-446C-927D-D4E677C48FC3}.Debug|x64.Build.0 = Debug|Any CPU
		{4E17773F-9E47-446C-927D-D4E677C48FC3}.Debug|x86.ActiveCfg = Debug|Any CPU
		{4E17773F-9E47-446C-927D-D4E677C48FC3}.Debug|x86.Build.0 = Debug|Any CPU
		{4E17773F-9E47-446C-927D-D4E677C48FC3}.Release|Any CPU.ActiveCfg = Release|Any CPU
		{4E17773F-9E47-446C-927D-D4E677C48FC3}.Release|Any CPU.Build.0 = Release|Any CPU
		{4E17773F-9E47-446C-927D-D4E677C48FC3}.Release|x64.ActiveCfg = Release|Any CPU
		{4E17773F-9E47-446C-927D-D4E677C48FC3}.Release|x64.Build.0 = Release|Any CPU
		{4E17773F-9E47-446C-927D-D4E677C48FC3}.Release|x86.ActiveCfg = Release|Any CPU
		{4E17773F-9E47-446C-927D-D4E677C48FC3}.Release|x86.Build.0 = Release|Any CPU
		{EE0CA198-36CD-4CA1-9057-D90B0DBF92B2}.Debug|Any CPU.ActiveCfg = Debug|Any CPU
		{EE0CA198-36CD-4CA1-9057-D90B0DBF92B2}.Debug|Any CPU.Build.0 = Debug|Any CPU
		{EE0CA198-36CD-4CA1-9057-D90B0DBF92B2}.Debug|x64.ActiveCfg = Debug|Any CPU
		{EE0CA198-36CD-4CA1-9057-D90B0DBF92B2}.Debug|x64.Build.0 = Debug|Any CPU
		{EE0CA198-36CD-4CA1-9057-D90B0DBF92B2}.Debug|x86.ActiveCfg = Debug|Any CPU
		{EE0CA198-36CD-4CA1-9057-D90B0DBF92B2}.Debug|x86.Build.0 = Debug|Any CPU
		{EE0CA198-36CD-4CA1-9057-D90B0DBF92B2}.Release|Any CPU.ActiveCfg = Release|Any CPU
		{EE0CA198-36CD-4CA1-9057-D90B0DBF92B2}.Release|Any CPU.Build.0 = Release|Any CPU
		{EE0CA198-36CD-4CA1-9057-D90B0DBF92B2}.Release|x64.ActiveCfg = Release|Any CPU
		{EE0CA198-36CD-4CA1-9057-D90B0DBF92B2}.Release|x64.Build.0 = Release|Any CPU
		{EE0CA198-36CD-4CA1-9057-D90B0DBF92B2}.Release|x86.ActiveCfg = Release|Any CPU
		{EE0CA198-36CD-4CA1-9057-D90B0DBF92B2}.Release|x86.Build.0 = Release|Any CPU
		{390BE387-4A80-40C5-89D2-9C17C2AA8782}.Debug|Any CPU.ActiveCfg = Debug|Any CPU
		{390BE387-4A80-40C5-89D2-9C17C2AA8782}.Debug|Any CPU.Build.0 = Debug|Any CPU
		{390BE387-4A80-40C5-89D2-9C17C2AA8782}.Debug|x64.ActiveCfg = Debug|Any CPU
		{390BE387-4A80-40C5-89D2-9C17C2AA8782}.Debug|x64.Build.0 = Debug|Any CPU
		{390BE387-4A80-40C5-89D2-9C17C2AA8782}.Debug|x86.ActiveCfg = Debug|Any CPU
		{390BE387-4A80-40C5-89D2-9C17C2AA8782}.Debug|x86.Build.0 = Debug|Any CPU
		{390BE387-4A80-40C5-89D2-9C17C2AA8782}.Release|Any CPU.ActiveCfg = Release|Any CPU
		{390BE387-4A80-40C5-89D2-9C17C2AA8782}.Release|Any CPU.Build.0 = Release|Any CPU
		{390BE387-4A80-40C5-89D2-9C17C2AA8782}.Release|x64.ActiveCfg = Release|Any CPU
		{390BE387-4A80-40C5-89D2-9C17C2AA8782}.Release|x64.Build.0 = Release|Any CPU
		{390BE387-4A80-40C5-89D2-9C17C2AA8782}.Release|x86.ActiveCfg = Release|Any CPU
		{390BE387-4A80-40C5-89D2-9C17C2AA8782}.Release|x86.Build.0 = Release|Any CPU
		{B8DB4EC3-D945-4191-8756-C892E57E93CC}.Debug|Any CPU.ActiveCfg = Debug|Any CPU
		{B8DB4EC3-D945-4191-8756-C892E57E93CC}.Debug|Any CPU.Build.0 = Debug|Any CPU
		{B8DB4EC3-D945-4191-8756-C892E57E93CC}.Debug|x64.ActiveCfg = Debug|Any CPU
		{B8DB4EC3-D945-4191-8756-C892E57E93CC}.Debug|x64.Build.0 = Debug|Any CPU
		{B8DB4EC3-D945-4191-8756-C892E57E93CC}.Debug|x86.ActiveCfg = Debug|Any CPU
		{B8DB4EC3-D945-4191-8756-C892E57E93CC}.Debug|x86.Build.0 = Debug|Any CPU
		{B8DB4EC3-D945-4191-8756-C892E57E93CC}.Release|Any CPU.ActiveCfg = Release|Any CPU
		{B8DB4EC3-D945-4191-8756-C892E57E93CC}.Release|Any CPU.Build.0 = Release|Any CPU
		{B8DB4EC3-D945-4191-8756-C892E57E93CC}.Release|x64.ActiveCfg = Release|Any CPU
		{B8DB4EC3-D945-4191-8756-C892E57E93CC}.Release|x64.Build.0 = Release|Any CPU
		{B8DB4EC3-D945-4191-8756-C892E57E93CC}.Release|x86.ActiveCfg = Release|Any CPU
		{B8DB4EC3-D945-4191-8756-C892E57E93CC}.Release|x86.Build.0 = Release|Any CPU
		{2D75F3FD-5ADE-49CF-862B-4967A2A087CE}.Debug|Any CPU.ActiveCfg = Debug|Any CPU
		{2D75F3FD-5ADE-49CF-862B-4967A2A087CE}.Debug|Any CPU.Build.0 = Debug|Any CPU
		{2D75F3FD-5ADE-49CF-862B-4967A2A087CE}.Debug|x64.ActiveCfg = Debug|Any CPU
		{2D75F3FD-5ADE-49CF-862B-4967A2A087CE}.Debug|x64.Build.0 = Debug|Any CPU
		{2D75F3FD-5ADE-49CF-862B-4967A2A087CE}.Debug|x86.ActiveCfg = Debug|Any CPU
		{2D75F3FD-5ADE-49CF-862B-4967A2A087CE}.Debug|x86.Build.0 = Debug|Any CPU
		{2D75F3FD-5ADE-49CF-862B-4967A2A087CE}.Release|Any CPU.ActiveCfg = Release|Any CPU
		{2D75F3FD-5ADE-49CF-862B-4967A2A087CE}.Release|Any CPU.Build.0 = Release|Any CPU
		{2D75F3FD-5ADE-49CF-862B-4967A2A087CE}.Release|x64.ActiveCfg = Release|Any CPU
		{2D75F3FD-5ADE-49CF-862B-4967A2A087CE}.Release|x64.Build.0 = Release|Any CPU
		{2D75F3FD-5ADE-49CF-862B-4967A2A087CE}.Release|x86.ActiveCfg = Release|Any CPU
		{2D75F3FD-5ADE-49CF-862B-4967A2A087CE}.Release|x86.Build.0 = Release|Any CPU
		{71AEB57C-70C3-41F9-A3DE-540439CDB4A5}.Debug|Any CPU.ActiveCfg = Debug|Any CPU
		{71AEB57C-70C3-41F9-A3DE-540439CDB4A5}.Debug|Any CPU.Build.0 = Debug|Any CPU
		{71AEB57C-70C3-41F9-A3DE-540439CDB4A5}.Debug|x64.ActiveCfg = Debug|Any CPU
		{71AEB57C-70C3-41F9-A3DE-540439CDB4A5}.Debug|x64.Build.0 = Debug|Any CPU
		{71AEB57C-70C3-41F9-A3DE-540439CDB4A5}.Debug|x86.ActiveCfg = Debug|Any CPU
		{71AEB57C-70C3-41F9-A3DE-540439CDB4A5}.Debug|x86.Build.0 = Debug|Any CPU
		{71AEB57C-70C3-41F9-A3DE-540439CDB4A5}.Release|Any CPU.ActiveCfg = Release|Any CPU
		{71AEB57C-70C3-41F9-A3DE-540439CDB4A5}.Release|Any CPU.Build.0 = Release|Any CPU
		{71AEB57C-70C3-41F9-A3DE-540439CDB4A5}.Release|x64.ActiveCfg = Release|Any CPU
		{71AEB57C-70C3-41F9-A3DE-540439CDB4A5}.Release|x64.Build.0 = Release|Any CPU
		{71AEB57C-70C3-41F9-A3DE-540439CDB4A5}.Release|x86.ActiveCfg = Release|Any CPU
		{71AEB57C-70C3-41F9-A3DE-540439CDB4A5}.Release|x86.Build.0 = Release|Any CPU
		{94EC3C45-6E54-4EE5-946B-F9F79EA310D9}.Debug|Any CPU.ActiveCfg = Debug|Any CPU
		{94EC3C45-6E54-4EE5-946B-F9F79EA310D9}.Debug|Any CPU.Build.0 = Debug|Any CPU
		{94EC3C45-6E54-4EE5-946B-F9F79EA310D9}.Debug|x64.ActiveCfg = Debug|Any CPU
		{94EC3C45-6E54-4EE5-946B-F9F79EA310D9}.Debug|x64.Build.0 = Debug|Any CPU
		{94EC3C45-6E54-4EE5-946B-F9F79EA310D9}.Debug|x86.ActiveCfg = Debug|Any CPU
		{94EC3C45-6E54-4EE5-946B-F9F79EA310D9}.Debug|x86.Build.0 = Debug|Any CPU
		{94EC3C45-6E54-4EE5-946B-F9F79EA310D9}.Release|Any CPU.ActiveCfg = Release|Any CPU
		{94EC3C45-6E54-4EE5-946B-F9F79EA310D9}.Release|Any CPU.Build.0 = Release|Any CPU
		{94EC3C45-6E54-4EE5-946B-F9F79EA310D9}.Release|x64.ActiveCfg = Release|Any CPU
		{94EC3C45-6E54-4EE5-946B-F9F79EA310D9}.Release|x64.Build.0 = Release|Any CPU
		{94EC3C45-6E54-4EE5-946B-F9F79EA310D9}.Release|x86.ActiveCfg = Release|Any CPU
		{94EC3C45-6E54-4EE5-946B-F9F79EA310D9}.Release|x86.Build.0 = Release|Any CPU
		{AB66471C-EC75-4453-9B7D-20B09599A072}.Debug|Any CPU.ActiveCfg = Debug|Any CPU
		{AB66471C-EC75-4453-9B7D-20B09599A072}.Debug|Any CPU.Build.0 = Debug|Any CPU
		{AB66471C-EC75-4453-9B7D-20B09599A072}.Debug|x64.ActiveCfg = Debug|Any CPU
		{AB66471C-EC75-4453-9B7D-20B09599A072}.Debug|x64.Build.0 = Debug|Any CPU
		{AB66471C-EC75-4453-9B7D-20B09599A072}.Debug|x86.ActiveCfg = Debug|Any CPU
		{AB66471C-EC75-4453-9B7D-20B09599A072}.Debug|x86.Build.0 = Debug|Any CPU
		{AB66471C-EC75-4453-9B7D-20B09599A072}.Release|Any CPU.ActiveCfg = Release|Any CPU
		{AB66471C-EC75-4453-9B7D-20B09599A072}.Release|Any CPU.Build.0 = Release|Any CPU
		{AB66471C-EC75-4453-9B7D-20B09599A072}.Release|x64.ActiveCfg = Release|Any CPU
		{AB66471C-EC75-4453-9B7D-20B09599A072}.Release|x64.Build.0 = Release|Any CPU
		{AB66471C-EC75-4453-9B7D-20B09599A072}.Release|x86.ActiveCfg = Release|Any CPU
		{AB66471C-EC75-4453-9B7D-20B09599A072}.Release|x86.Build.0 = Release|Any CPU
	EndGlobalSection
	GlobalSection(NestedProjects) = preSolution
		{A5AA153D-62B0-4DA5-8F94-275E157CB9B4} = {E71BB7BD-C9AA-47BD-87C0-0D9DA3F5761C}
		{A758C848-F7C3-4BEF-A838-A7DC2699B185} = {E71BB7BD-C9AA-47BD-87C0-0D9DA3F5761C}
		{E5F49B92-95BA-434D-84C9-20BDC244E5D1} = {E71BB7BD-C9AA-47BD-87C0-0D9DA3F5761C}
		{F83A8D7D-46D5-49F0-BB53-B84BF3130BD3} = {E71BB7BD-C9AA-47BD-87C0-0D9DA3F5761C}
		{B44E84E9-4227-4852-AB6C-BAC7B978D140} = {E71BB7BD-C9AA-47BD-87C0-0D9DA3F5761C}
		{75E2BC35-AD42-43FA-8040-E800F698CC05} = {E71BB7BD-C9AA-47BD-87C0-0D9DA3F5761C}
		{42911D1E-25DA-479F-997E-DD833E3A8BF2} = {E71BB7BD-C9AA-47BD-87C0-0D9DA3F5761C}
		{4E17773F-9E47-446C-927D-D4E677C48FC3} = {83930B15-01FD-411F-8961-AB4EA09D5CCC}
		{EBB912AD-2BA6-444D-863E-65E50D28EE60} = {3E46AACE-2E7B-44FC-ACB5-9992539EE041}
		{C83CE206-6FAC-480B-A84E-D557644EF014} = {3E46AACE-2E7B-44FC-ACB5-9992539EE041}
		{EE0CA198-36CD-4CA1-9057-D90B0DBF92B2} = {83930B15-01FD-411F-8961-AB4EA09D5CCC}
		{390BE387-4A80-40C5-89D2-9C17C2AA8782} = {83930B15-01FD-411F-8961-AB4EA09D5CCC}
		{35ED9B8B-1E5D-404E-BBC4-8619DD57AB96} = {83930B15-01FD-411F-8961-AB4EA09D5CCC}
		{B8DB4EC3-D945-4191-8756-C892E57E93CC} = {83930B15-01FD-411F-8961-AB4EA09D5CCC}
		{2D75F3FD-5ADE-49CF-862B-4967A2A087CE} = {2513A447-FF64-42B8-A2F7-A86226EE24F8}
		{71AEB57C-70C3-41F9-A3DE-540439CDB4A5} = {2513A447-FF64-42B8-A2F7-A86226EE24F8}
		{94EC3C45-6E54-4EE5-946B-F9F79EA310D9} = {2513A447-FF64-42B8-A2F7-A86226EE24F8}
		{AB66471C-EC75-4453-9B7D-20B09599A072} = {2513A447-FF64-42B8-A2F7-A86226EE24F8}
	EndGlobalSection
EndGlobal
