
Microsoft Visual Studio Solution File, Format Version 12.00
# Visual Studio 15
VisualStudioVersion = 15.0.26124.0
MinimumVisualStudioVersion = 15.0.26124.0
Project("{FAE04EC0-301F-11D3-BF4B-00C04F79EFBC}") = "Easy.BiggestOfThree", "Easy.BiggestOfThree\Easy.BiggestOfThree.csproj", "{EBB912AD-2BA6-444D-863E-65E50D28EE60}"
EndProject
Project("{FAE04EC0-301F-11D3-BF4B-00C04F79EFBC}") = "Easy.MaxMinArrays", "Easy.MaxMinArrays\Easy.MaxMinArrays.csproj", "{C83CE206-6FAC-480B-A84E-D557644EF014}"
EndProject
Project("{FAE04EC0-301F-11D3-BF4B-00C04F79EFBC}") = "Medium.BinarySearch", "Medium.BinarySearch\Medium.BinarySearch.csproj", "{35ED9B8B-1E5D-404E-BBC4-8619DD57AB96}"
EndProject
Project("{2150E333-8FDC-42A3-9474-1A3956D46DE8}") = "SortingAlgorithms", "SortingAlgorithms", "{E71BB7BD-C9AA-47BD-87C0-0D9DA3F5761C}"
EndProject
Project("{FAE04EC0-301F-11D3-BF4B-00C04F79EFBC}") = "SelectionSort", "SelectionSort\SelectionSort.csproj", "{A5AA153D-62B0-4DA5-8F94-275E157CB9B4}"
EndProject
Project("{FAE04EC0-301F-11D3-BF4B-00C04F79EFBC}") = "InsertionSort", "InsertionSort\InsertionSort.csproj", "{A758C848-F7C3-4BEF-A838-A7DC2699B185}"
EndProject
Global
	GlobalSection(SolutionConfigurationPlatforms) = preSolution
		Debug|Any CPU = Debug|Any CPU
		Debug|x64 = Debug|x64
		Debug|x86 = Debug|x86
		Release|Any CPU = Release|Any CPU
		Release|x64 = Release|x64
		Release|x86 = Release|x86
	EndGlobalSection
	GlobalSection(SolutionProperties) = preSolution
		HideSolutionNode = FALSE
	EndGlobalSection
	GlobalSection(ProjectConfigurationPlatforms) = postSolution
		{EBB912AD-2BA6-444D-863E-65E50D28EE60}.Debug|Any CPU.ActiveCfg = Debug|Any CPU
		{EBB912AD-2BA6-444D-863E-65E50D28EE60}.Debug|Any CPU.Build.0 = Debug|Any CPU
		{EBB912AD-2BA6-444D-863E-65E50D28EE60}.Debug|x64.ActiveCfg = Debug|Any CPU
		{EBB912AD-2BA6-444D-863E-65E50D28EE60}.Debug|x64.Build.0 = Debug|Any CPU
		{EBB912AD-2BA6-444D-863E-65E50D28EE60}.Debug|x86.ActiveCfg = Debug|Any CPU
		{EBB912AD-2BA6-444D-863E-65E50D28EE60}.Debug|x86.Build.0 = Debug|Any CPU
		{EBB912AD-2BA6-444D-863E-65E50D28EE60}.Release|Any CPU.ActiveCfg = Release|Any CPU
		{EBB912AD-2BA6-444D-863E-65E50D28EE60}.Release|Any CPU.Build.0 = Release|Any CPU
		{EBB912AD-2BA6-444D-863E-65E50D28EE60}.Release|x64.ActiveCfg = Release|Any CPU
		{EBB912AD-2BA6-444D-863E-65E50D28EE60}.Release|x64.Build.0 = Release|Any CPU
		{EBB912AD-2BA6-444D-863E-65E50D28EE60}.Release|x86.ActiveCfg = Release|Any CPU
		{EBB912AD-2BA6-444D-863E-65E50D28EE60}.Release|x86.Build.0 = Release|Any CPU
		{C83CE206-6FAC-480B-A84E-D557644EF014}.Debug|Any CPU.ActiveCfg = Debug|Any CPU
		{C83CE206-6FAC-480B-A84E-D557644EF014}.Debug|Any CPU.Build.0 = Debug|Any CPU
		{C83CE206-6FAC-480B-A84E-D557644EF014}.Debug|x64.ActiveCfg = Debug|Any CPU
		{C83CE206-6FAC-480B-A84E-D557644EF014}.Debug|x64.Build.0 = Debug|Any CPU
		{C83CE206-6FAC-480B-A84E-D557644EF014}.Debug|x86.ActiveCfg = Debug|Any CPU
		{C83CE206-6FAC-480B-A84E-D557644EF014}.Debug|x86.Build.0 = Debug|Any CPU
		{C83CE206-6FAC-480B-A84E-D557644EF014}.Release|Any CPU.ActiveCfg = Release|Any CPU
		{C83CE206-6FAC-480B-A84E-D557644EF014}.Release|Any CPU.Build.0 = Release|Any CPU
		{C83CE206-6FAC-480B-A84E-D557644EF014}.Release|x64.ActiveCfg = Release|Any CPU
		{C83CE206-6FAC-480B-A84E-D557644EF014}.Release|x64.Build.0 = Release|Any CPU
		{C83CE206-6FAC-480B-A84E-D557644EF014}.Release|x86.ActiveCfg = Release|Any CPU
		{C83CE206-6FAC-480B-A84E-D557644EF014}.Release|x86.Build.0 = Release|Any CPU
		{35ED9B8B-1E5D-404E-BBC4-8619DD57AB96}.Debug|Any CPU.ActiveCfg = Debug|Any CPU
		{35ED9B8B-1E5D-404E-BBC4-8619DD57AB96}.Debug|Any CPU.Build.0 = Debug|Any CPU
		{35ED9B8B-1E5D-404E-BBC4-8619DD57AB96}.Debug|x64.ActiveCfg = Debug|Any CPU
		{35ED9B8B-1E5D-404E-BBC4-8619DD57AB96}.Debug|x64.Build.0 = Debug|Any CPU
		{35ED9B8B-1E5D-404E-BBC4-8619DD57AB96}.Debug|x86.ActiveCfg = Debug|Any CPU
		{35ED9B8B-1E5D-404E-BBC4-8619DD57AB96}.Debug|x86.Build.0 = Debug|Any CPU
		{35ED9B8B-1E5D-404E-BBC4-8619DD57AB96}.Release|Any CPU.ActiveCfg = Release|Any CPU
		{35ED9B8B-1E5D-404E-BBC4-8619DD57AB96}.Release|Any CPU.Build.0 = Release|Any CPU
		{35ED9B8B-1E5D-404E-BBC4-8619DD57AB96}.Release|x64.ActiveCfg = Release|Any CPU
		{35ED9B8B-1E5D-404E-BBC4-8619DD57AB96}.Release|x64.Build.0 = Release|Any CPU
		{35ED9B8B-1E5D-404E-BBC4-8619DD57AB96}.Release|x86.ActiveCfg = Release|Any CPU
		{35ED9B8B-1E5D-404E-BBC4-8619DD57AB96}.Release|x86.Build.0 = Release|Any CPU
		{A5AA153D-62B0-4DA5-8F94-275E157CB9B4}.Debug|Any CPU.ActiveCfg = Debug|Any CPU
		{A5AA153D-62B0-4DA5-8F94-275E157CB9B4}.Debug|Any CPU.Build.0 = Debug|Any CPU
		{A5AA153D-62B0-4DA5-8F94-275E157CB9B4}.Debug|x64.ActiveCfg = Debug|Any CPU
		{A5AA153D-62B0-4DA5-8F94-275E157CB9B4}.Debug|x64.Build.0 = Debug|Any CPU
		{A5AA153D-62B0-4DA5-8F94-275E157CB9B4}.Debug|x86.ActiveCfg = Debug|Any CPU
		{A5AA153D-62B0-4DA5-8F94-275E157CB9B4}.Debug|x86.Build.0 = Debug|Any CPU
		{A5AA153D-62B0-4DA5-8F94-275E157CB9B4}.Release|Any CPU.ActiveCfg = Release|Any CPU
		{A5AA153D-62B0-4DA5-8F94-275E157CB9B4}.Release|Any CPU.Build.0 = Release|Any CPU
		{A5AA153D-62B0-4DA5-8F94-275E157CB9B4}.Release|x64.ActiveCfg = Release|Any CPU
		{A5AA153D-62B0-4DA5-8F94-275E157CB9B4}.Release|x64.Build.0 = Release|Any CPU
		{A5AA153D-62B0-4DA5-8F94-275E157CB9B4}.Release|x86.ActiveCfg = Release|Any CPU
		{A5AA153D-62B0-4DA5-8F94-275E157CB9B4}.Release|x86.Build.0 = Release|Any CPU
		{A758C848-F7C3-4BEF-A838-A7DC2699B185}.Debug|Any CPU.ActiveCfg = Debug|Any CPU
		{A758C848-F7C3-4BEF-A838-A7DC2699B185}.Debug|Any CPU.Build.0 = Debug|Any CPU
		{A758C848-F7C3-4BEF-A838-A7DC2699B185}.Debug|x64.ActiveCfg = Debug|Any CPU
		{A758C848-F7C3-4BEF-A838-A7DC2699B185}.Debug|x64.Build.0 = Debug|Any CPU
		{A758C848-F7C3-4BEF-A838-A7DC2699B185}.Debug|x86.ActiveCfg = Debug|Any CPU
		{A758C848-F7C3-4BEF-A838-A7DC2699B185}.Debug|x86.Build.0 = Debug|Any CPU
		{A758C848-F7C3-4BEF-A838-A7DC2699B185}.Release|Any CPU.ActiveCfg = Release|Any CPU
		{A758C848-F7C3-4BEF-A838-A7DC2699B185}.Release|Any CPU.Build.0 = Release|Any CPU
		{A758C848-F7C3-4BEF-A838-A7DC2699B185}.Release|x64.ActiveCfg = Release|Any CPU
		{A758C848-F7C3-4BEF-A838-A7DC2699B185}.Release|x64.Build.0 = Release|Any CPU
		{A758C848-F7C3-4BEF-A838-A7DC2699B185}.Release|x86.ActiveCfg = Release|Any CPU
		{A758C848-F7C3-4BEF-A838-A7DC2699B185}.Release|x86.Build.0 = Release|Any CPU
	EndGlobalSection
	GlobalSection(NestedProjects) = preSolution
		{A5AA153D-62B0-4DA5-8F94-275E157CB9B4} = {E71BB7BD-C9AA-47BD-87C0-0D9DA3F5761C}
		{A758C848-F7C3-4BEF-A838-A7DC2699B185} = {E71BB7BD-C9AA-47BD-87C0-0D9DA3F5761C}
	EndGlobalSection
EndGlobal
